// !$*UTF8*$!
{
	archiveVersion = 1;
	classes = {
	};
	objectVersion = 46;
	objects = {

/* Begin PBXBuildFile section */
		71B6F9BA1C59BC4C00EBCBD4 /* AppDelegate.swift in Sources */ = {isa = PBXBuildFile; fileRef = 71B6F9B91C59BC4C00EBCBD4 /* AppDelegate.swift */; };
		71B6F9C11C59BC4C00EBCBD4 /* Assets.xcassets in Resources */ = {isa = PBXBuildFile; fileRef = 71B6F9C01C59BC4C00EBCBD4 /* Assets.xcassets */; };
		71B6F9C41C59BC4C00EBCBD4 /* LaunchScreen.storyboard in Resources */ = {isa = PBXBuildFile; fileRef = 71B6F9C21C59BC4C00EBCBD4 /* LaunchScreen.storyboard */; };
		71B6F9C91C59BC6300EBCBD4 /* ItemsTableViewController.swift in Sources */ = {isa = PBXBuildFile; fileRef = D12750711C506CCF002A9B2E /* ItemsTableViewController.swift */; };
		71B6F9CA1C59BC6600EBCBD4 /* AddItemViewController.swift in Sources */ = {isa = PBXBuildFile; fileRef = D127506F1C506CC0002A9B2E /* AddItemViewController.swift */; };
		71B6F9CB1C59BC7200EBCBD4 /* Main.storyboard in Resources */ = {isa = PBXBuildFile; fileRef = D12750611C506C56002A9B2E /* Main.storyboard */; };
/* End PBXBuildFile section */

/* Begin PBXFileReference section */
		71B6F9B71C59BC4C00EBCBD4 /* HW5.app */ = {isa = PBXFileReference; explicitFileType = wrapper.application; includeInIndex = 0; path = HW5.app; sourceTree = BUILT_PRODUCTS_DIR; };
		71B6F9B91C59BC4C00EBCBD4 /* AppDelegate.swift */ = {isa = PBXFileReference; lastKnownFileType = sourcecode.swift; path = AppDelegate.swift; sourceTree = "<group>"; };
		71B6F9C01C59BC4C00EBCBD4 /* Assets.xcassets */ = {isa = PBXFileReference; lastKnownFileType = folder.assetcatalog; path = Assets.xcassets; sourceTree = "<group>"; };
		71B6F9C31C59BC4C00EBCBD4 /* Base */ = {isa = PBXFileReference; lastKnownFileType = file.storyboard; name = Base; path = Base.lproj/LaunchScreen.storyboard; sourceTree = "<group>"; };
		71B6F9C51C59BC4C00EBCBD4 /* Info.plist */ = {isa = PBXFileReference; lastKnownFileType = text.plist.xml; path = Info.plist; sourceTree = "<group>"; };
		D127505D1C506C56002A9B2E /* AppDelegate.swift */ = {isa = PBXFileReference; lastKnownFileType = sourcecode.swift; path = AppDelegate.swift; sourceTree = "<group>"; };
		D12750621C506C56002A9B2E /* Base */ = {isa = PBXFileReference; lastKnownFileType = file.storyboard; name = Base; path = Base.lproj/Main.storyboard; sourceTree = "<group>"; };
		D12750641C506C56002A9B2E /* Assets.xcassets */ = {isa = PBXFileReference; lastKnownFileType = folder.assetcatalog; path = Assets.xcassets; sourceTree = "<group>"; };
		D12750671C506C56002A9B2E /* Base */ = {isa = PBXFileReference; lastKnownFileType = file.storyboard; name = Base; path = Base.lproj/LaunchScreen.storyboard; sourceTree = "<group>"; };
		D12750691C506C56002A9B2E /* Info.plist */ = {isa = PBXFileReference; lastKnownFileType = text.plist.xml; path = Info.plist; sourceTree = "<group>"; };
		D127506F1C506CC0002A9B2E /* AddItemViewController.swift */ = {isa = PBXFileReference; fileEncoding = 4; lastKnownFileType = sourcecode.swift; path = AddItemViewController.swift; sourceTree = "<group>"; };
		D12750711C506CCF002A9B2E /* ItemsTableViewController.swift */ = {isa = PBXFileReference; fileEncoding = 4; lastKnownFileType = sourcecode.swift; path = ItemsTableViewController.swift; sourceTree = "<group>"; };
/* End PBXFileReference section */

/* Begin PBXFrameworksBuildPhase section */
		71B6F9B41C59BC4C00EBCBD4 /* Frameworks */ = {
			isa = PBXFrameworksBuildPhase;
			buildActionMask = 2147483647;
			files = (
			);
			runOnlyForDeploymentPostprocessing = 0;
		};
/* End PBXFrameworksBuildPhase section */

/* Begin PBXGroup section */
		71B6F9B81C59BC4C00EBCBD4 /* HW5 */ = {
			isa = PBXGroup;
			children = (
				71B6F9B91C59BC4C00EBCBD4 /* AppDelegate.swift */,
				71B6F9C01C59BC4C00EBCBD4 /* Assets.xcassets */,
				71B6F9C21C59BC4C00EBCBD4 /* LaunchScreen.storyboard */,
				71B6F9C51C59BC4C00EBCBD4 /* Info.plist */,
			);
			path = HW5;
			sourceTree = "<group>";
		};
		D12750511C506C55002A9B2E = {
			isa = PBXGroup;
			children = (
				D127505C1C506C56002A9B2E /* iOS4-HW5-Delegation */,
				71B6F9B81C59BC4C00EBCBD4 /* HW5 */,
				D127505B1C506C56002A9B2E /* Products */,
			);
			sourceTree = "<group>";
		};
		D127505B1C506C56002A9B2E /* Products */ = {
			isa = PBXGroup;
			children = (
				71B6F9B71C59BC4C00EBCBD4 /* HW5.app */,
			);
			name = Products;
			sourceTree = "<group>";
		};
		D127505C1C506C56002A9B2E /* iOS4-HW5-Delegation */ = {
			isa = PBXGroup;
			children = (
				D12750711C506CCF002A9B2E /* ItemsTableViewController.swift */,
				D127506F1C506CC0002A9B2E /* AddItemViewController.swift */,
				D12750611C506C56002A9B2E /* Main.storyboard */,
				D12750641C506C56002A9B2E /* Assets.xcassets */,
				D12750661C506C56002A9B2E /* LaunchScreen.storyboard */,
				D127505D1C506C56002A9B2E /* AppDelegate.swift */,
				D12750691C506C56002A9B2E /* Info.plist */,
			);
			path = "iOS4-HW5-Delegation";
			sourceTree = "<group>";
		};
/* End PBXGroup section */

/* Begin PBXNativeTarget section */
		71B6F9B61C59BC4C00EBCBD4 /* HW5 */ = {
			isa = PBXNativeTarget;
			buildConfigurationList = 71B6F9C61C59BC4C00EBCBD4 /* Build configuration list for PBXNativeTarget "HW5" */;
			buildPhases = (
				71B6F9B31C59BC4C00EBCBD4 /* Sources */,
				71B6F9B41C59BC4C00EBCBD4 /* Frameworks */,
				71B6F9B51C59BC4C00EBCBD4 /* Resources */,
			);
			buildRules = (
			);
			dependencies = (
			);
			name = HW5;
			productName = HW5;
			productReference = 71B6F9B71C59BC4C00EBCBD4 /* HW5.app */;
			productType = "com.apple.product-type.application";
		};
/* End PBXNativeTarget section */

/* Begin PBXProject section */
		D12750521C506C55002A9B2E /* Project object */ = {
			isa = PBXProject;
			attributes = {
				LastSwiftUpdateCheck = 0710;
				LastUpgradeCheck = 0720;
				ORGANIZATIONNAME = "Kathryn Rotondo";
				TargetAttributes = {
					71B6F9B61C59BC4C00EBCBD4 = {
						CreatedOnToolsVersion = 7.1.1;
						DevelopmentTeam = 9C9UT6E93R;
					};
				};
			};
			buildConfigurationList = D12750551C506C55002A9B2E /* Build configuration list for PBXProject "iOS4-HW5-Delegation" */;
			compatibilityVersion = "Xcode 3.2";
			developmentRegion = English;
			hasScannedForEncodings = 0;
			knownRegions = (
				en,
				Base,
			);
			mainGroup = D12750511C506C55002A9B2E;
			productRefGroup = D127505B1C506C56002A9B2E /* Products */;
			projectDirPath = "";
			projectRoot = "";
			targets = (
				71B6F9B61C59BC4C00EBCBD4 /* HW5 */,
			);
		};
/* End PBXProject section */

/* Begin PBXResourcesBuildPhase section */
		71B6F9B51C59BC4C00EBCBD4 /* Resources */ = {
			isa = PBXResourcesBuildPhase;
			buildActionMask = 2147483647;
			files = (
				71B6F9CB1C59BC7200EBCBD4 /* Main.storyboard in Resources */,
				71B6F9C41C59BC4C00EBCBD4 /* LaunchScreen.storyboard in Resources */,
				71B6F9C11C59BC4C00EBCBD4 /* Assets.xcassets in Resources */,
			);
			runOnlyForDeploymentPostprocessing = 0;
		};
/* End PBXResourcesBuildPhase section */

/* Begin PBXSourcesBuildPhase section */
		71B6F9B31C59BC4C00EBCBD4 /* Sources */ = {
			isa = PBXSourcesBuildPhase;
			buildActionMask = 2147483647;
			files = (
				71B6F9C91C59BC6300EBCBD4 /* ItemsTableViewController.swift in Sources */,
				71B6F9BA1C59BC4C00EBCBD4 /* AppDelegate.swift in Sources */,
				71B6F9CA1C59BC6600EBCBD4 /* AddItemViewController.swift in Sources */,
			);
			runOnlyForDeploymentPostprocessing = 0;
		};
/* End PBXSourcesBuildPhase section */

/* Begin PBXVariantGroup section */
		71B6F9C21C59BC4C00EBCBD4 /* LaunchScreen.storyboard */ = {
			isa = PBXVariantGroup;
			children = (
				71B6F9C31C59BC4C00EBCBD4 /* Base */,
			);
			name = LaunchScreen.storyboard;
			sourceTree = "<group>";
		};
		D12750611C506C56002A9B2E /* Main.storyboard */ = {
			isa = PBXVariantGroup;
			children = (
				D12750621C506C56002A9B2E /* Base */,
			);
			name = Main.storyboard;
			sourceTree = "<group>";
		};
		D12750661C506C56002A9B2E /* LaunchScreen.storyboard */ = {
			isa = PBXVariantGroup;
			children = (
				D12750671C506C56002A9B2E /* Base */,
			);
			name = LaunchScreen.storyboard;
			sourceTree = "<group>";
		};
/* End PBXVariantGroup section */

/* Begin XCBuildConfiguration section */
		71B6F9C71C59BC4C00EBCBD4 /* Debug */ = {
			isa = XCBuildConfiguration;
			buildSettings = {
				ASSETCATALOG_COMPILER_APPICON_NAME = AppIcon;
				INFOPLIST_FILE = HW5/Info.plist;
				IPHONEOS_DEPLOYMENT_TARGET = 9.1;
				LD_RUNPATH_SEARCH_PATHS = "$(inherited) @executable_path/Frameworks";
				PRODUCT_BUNDLE_IDENTIFIER = com.ray.HW5;
				PRODUCT_NAME = "$(TARGET_NAME)";
				TARGETED_DEVICE_FAMILY = "1,2";
			};
			name = Debug;
		};
		71B6F9C81C59BC4C00EBCBD4 /* Release */ = {
			isa = XCBuildConfiguration;
			buildSettings = {
				ASSETCATALOG_COMPILER_APPICON_NAME = AppIcon;
				INFOPLIST_FILE = HW5/Info.plist;
				IPHONEOS_DEPLOYMENT_TARGET = 9.1;
				LD_RUNPATH_SEARCH_PATHS = "$(inherited) @executable_path/Frameworks";
				PRODUCT_BUNDLE_IDENTIFIER = com.ray.HW5;
				PRODUCT_NAME = "$(TARGET_NAME)";
				TARGETED_DEVICE_FAMILY = "1,2";
			};
			name = Release;
		};
		D127506A1C506C56002A9B2E /* Debug */ = {
			isa = XCBuildConfiguration;
			buildSettings = {
				ALWAYS_SEARCH_USER_PATHS = NO;
				CLANG_CXX_LANGUAGE_STANDARD = "gnu++0x";
				CLANG_CXX_LIBRARY = "libc++";
				CLANG_ENABLE_MODULES = YES;
				CLANG_ENABLE_OBJC_ARC = YES;
				CLANG_WARN_BOOL_CONVERSION = YES;
				CLANG_WARN_CONSTANT_CONVERSION = YES;
				CLANG_WARN_DIRECT_OBJC_ISA_USAGE = YES_ERROR;
				CLANG_WARN_EMPTY_BODY = YES;
				CLANG_WARN_ENUM_CONVERSION = YES;
				CLANG_WARN_INT_CONVERSION = YES;
				CLANG_WARN_OBJC_ROOT_CLASS = YES_ERROR;
				CLANG_WARN_UNREACHABLE_CODE = YES;
				CLANG_WARN__DUPLICATE_METHOD_MATCH = YES;
				"CODE_SIGN_IDENTITY[sdk=iphoneos*]" = "iPhone Developer";
				COPY_PHASE_STRIP = NO;
				DEBUG_INFORMATION_FORMAT = dwarf;
				ENABLE_STRICT_OBJC_MSGSEND = YES;
				ENABLE_TESTABILITY = YES;
				GCC_C_LANGUAGE_STANDARD = gnu99;
				GCC_DYNAMIC_NO_PIC = NO;
				GCC_NO_COMMON_BLOCKS = YES;
				GCC_OPTIMIZATION_LEVEL = 0;
				GCC_PREPROCESSOR_DEFINITIONS = (
					"DEBUG=1",
					"$(inherited)",
				);
				GCC_WARN_64_TO_32_BIT_CONVERSION = YES;
				GCC_WARN_ABOUT_RETURN_TYPE = YES_ERROR;
				GCC_WARN_UNDECLARED_SELECTOR = YES;
				GCC_WARN_UNINITIALIZED_AUTOS = YES_AGGRESSIVE;
				GCC_WARN_UNUSED_FUNCTION = YES;
				GCC_WARN_UNUSED_VARIABLE = YES;
				IPHONEOS_DEPLOYMENT_TARGET = 9.2;
				MTL_ENABLE_DEBUG_INFO = YES;
				ONLY_ACTIVE_ARCH = YES;
				SDKROOT = iphoneos;
				SWIFT_OPTIMIZATION_LEVEL = "-Onone";
			};
			name = Debug;
		};
		D127506B1C506C56002A9B2E /* Release */ = {
			isa = XCBuildConfiguration;
			buildSettings = {
				ALWAYS_SEARCH_USER_PATHS = NO;
				CLANG_CXX_LANGUAGE_STANDARD = "gnu++0x";
				CLANG_CXX_LIBRARY = "libc++";
				CLANG_ENABLE_MODULES = YES;
				CLANG_ENABLE_OBJC_ARC = YES;
				CLANG_WARN_BOOL_CONVERSION = YES;
				CLANG_WARN_CONSTANT_CONVERSION = YES;
				CLANG_WARN_DIRECT_OBJC_ISA_USAGE = YES_ERROR;
				CLANG_WARN_EMPTY_BODY = YES;
				CLANG_WARN_ENUM_CONVERSION = YES;
				CLANG_WARN_INT_CONVERSION = YES;
				CLANG_WARN_OBJC_ROOT_CLASS = YES_ERROR;
				CLANG_WARN_UNREACHABLE_CODE = YES;
				CLANG_WARN__DUPLICATE_METHOD_MATCH = YES;
				"CODE_SIGN_IDENTITY[sdk=iphoneos*]" = "iPhone Developer";
				COPY_PHASE_STRIP = NO;
				DEBUG_INFORMATION_FORMAT = "dwarf-with-dsym";
				ENABLE_NS_ASSERTIONS = NO;
				ENABLE_STRICT_OBJC_MSGSEND = YES;
				GCC_C_LANGUAGE_STANDARD = gnu99;
				GCC_NO_COMMON_BLOCKS = YES;
				GCC_WARN_64_TO_32_BIT_CONVERSION = YES;
				GCC_WARN_ABOUT_RETURN_TYPE = YES_ERROR;
				GCC_WARN_UNDECLARED_SELECTOR = YES;
				GCC_WARN_UNINITIALIZED_AUTOS = YES_AGGRESSIVE;
				GCC_WARN_UNUSED_FUNCTION = YES;
				GCC_WARN_UNUSED_VARIABLE = YES;
				IPHONEOS_DEPLOYMENT_TARGET = 9.2;
				MTL_ENABLE_DEBUG_INFO = NO;
				SDKROOT = iphoneos;
				VALIDATE_PRODUCT = YES;
			};
			name = Release;
		};
/* End XCBuildConfiguration section */

/* Begin XCConfigurationList section */
		71B6F9C61C59BC4C00EBCBD4 /* Build configuration list for PBXNativeTarget "HW5" */ = {
			isa = XCConfigurationList;
			buildConfigurations = (
				71B6F9C71C59BC4C00EBCBD4 /* Debug */,
				71B6F9C81C59BC4C00EBCBD4 /* Release */,
			);
			defaultConfigurationIsVisible = 0;
		};
		D12750551C506C55002A9B2E /* Build configuration list for PBXProject "iOS4-HW5-Delegation" */ = {
			isa = XCConfigurationList;
			buildConfigurations = (
				D127506A1C506C56002A9B2E /* Debug */,
				D127506B1C506C56002A9B2E /* Release */,
			);
			defaultConfigurationIsVisible = 0;
			defaultConfigurationName = Release;
		};
/* End XCConfigurationList section */
	};
	rootObject = D12750521C506C55002A9B2E /* Project object */;
}
